
Microsoft Visual Studio Solution File, Format Version 12.00
# Visual Studio Version 16
VisualStudioVersion = 16.0.31025.194
MinimumVisualStudioVersion = 10.0.40219.1
Project("{FAE04EC0-301F-11D3-BF4B-00C04F79EFBC}") = "EasyNow.Dto", "EasyNow.Dto\EasyNow.Dto.csproj", "{C3F97391-D281-4F99-920B-33940F76ACC5}"
EndProject
Global
	GlobalSection(SolutionConfigurationPlatforms) = preSolution
		Debug|Any CPU = Debug|Any CPU
		Release|Any CPU = Release|Any CPU
	EndGlobalSection
	GlobalSection(ProjectConfigurationPlatforms) = postSolution
		{C3F97391-D281-4F99-920B-33940F76ACC5}.Debug|Any CPU.ActiveCfg = Debug|Any CPU
		{C3F97391-D281-4F99-920B-33940F76ACC5}.Debug|Any CPU.Build.0 = Debug|Any CPU
		{C3F97391-D281-4F99-920B-33940F76ACC5}.Release|Any CPU.ActiveCfg = Release|Any CPU
		{C3F97391-D281-4F99-920B-33940F76ACC5}.Release|Any CPU.Build.0 = Release|Any CPU
	EndGlobalSection
	GlobalSection(SolutionProperties) = preSolution
		HideSolutionNode = FALSE
	EndGlobalSection
	GlobalSection(ExtensibilityGlobals) = postSolution
		SolutionGuid = {313F83B6-33ED-4B77-B8DB-5626236F6B95}
	EndGlobalSection
EndGlobal
